# @generated by Move, please check-in and do not edit manually.

[move]
version = 3
manifest_digest = "B50FB1EA862017BFD492994944EE074682B968C5AFFF0D56C77167379A0FBAC5"
deps_digest = "F8BBB0CCB2491CA29A3DF03D6F92277A4F3574266507ACD77214D37ECA3F3082"
dependencies = [
  { id = "One", name = "One" },
]

[[move.package]]
id = "MoveStdlib"
source = { git = "https://github.com/one-chain-labs/onechain.git", rev = "main", subdir = "crates/sui-framework/packages/move-stdlib" }

[[move.package]]
id = "One"
source = { git = "https://github.com/one-chain-labs/onechain.git", rev = "main", subdir = "crates/sui-framework/packages/one-framework" }

dependencies = [
  { id = "MoveStdlib", name = "MoveStdlib" },
]

[move.toolchain-version]
compiler-version = "1.0.1"
edition = "2024.beta"
flavor = "one"

[env]

[env.testnet]
chain-id = "1bd5c965"
original-published-id = "0xd89a0d0af1ae1df92fcc504c4b49ea723c81fc0864dd0922ea39c63d4298e0e7"
latest-published-id = "0xd89a0d0af1ae1df92fcc504c4b49ea723c81fc0864dd0922ea39c63d4298e0e7"
published-version = "1"

[env.onechain-testnet]
chain-id = "1bd5c965"
original-published-id = "0xc82a9e5ba0cc3d1295a2567a5cf2a91bb3e25435324be12a70a5e1db10d9cb11"
latest-published-id = "0xc82a9e5ba0cc3d1295a2567a5cf2a91bb3e25435324be12a70a5e1db10d9cb11"
published-version = "1"
